
Microsoft Visual Studio Solution File, Format Version 12.00
# Visual Studio 2013
VisualStudioVersion = 12.0.30723.0
MinimumVisualStudioVersion = 10.0.40219.1
Project("{FAE04EC0-301F-11D3-BF4B-00C04F79EFBC}") = "Movies.Web", "Movies.Web\Movies.Web.csproj", "{32B33C9A-0081-4CA8-879F-A1F6D24D9BE9}"
EndProject
Project("{FAE04EC0-301F-11D3-BF4B-00C04F79EFBC}") = "Movies.Data", "Movies.Data\Movies.Data.csproj", "{2A327415-D8DE-424D-86A4-9D6A1FD618F1}"
EndProject
Project("{FAE04EC0-301F-11D3-BF4B-00C04F79EFBC}") = "Movies.Service", "Movies.Service\Movies.Service.csproj", "{E5CC0AB3-0339-476B-A31C-357229878413}"
EndProject
Project("{FAE04EC0-301F-11D3-BF4B-00C04F79EFBC}") = "Movies.Domain", "Movies.Domain\Movies.Domain.csproj", "{F12897BB-8B62-490D-9FD3-556F06EC1822}"
EndProject
Project("{FAE04EC0-301F-11D3-BF4B-00C04F79EFBC}") = "Movies.Common", "Movies.Common\Movies.Common.csproj", "{E2E2667E-B1C6-475F-8124-6A9310D51F8E}"
EndProject
Project("{2150E333-8FDC-42A3-9474-1A3956D46DE8}") = ".nuget", ".nuget", "{C6FA02D1-95D2-464A-B96A-C4FC59658A0B}"
	ProjectSection(SolutionItems) = preProject
		.nuget\NuGet.Config = .nuget\NuGet.Config
		.nuget\NuGet.exe = .nuget\NuGet.exe
		.nuget\NuGet.targets = .nuget\NuGet.targets
	EndProjectSection
EndProject
Global
	GlobalSection(SolutionConfigurationPlatforms) = preSolution
		Debug|Any CPU = Debug|Any CPU
		Release|Any CPU = Release|Any CPU
	EndGlobalSection
	GlobalSection(ProjectConfigurationPlatforms) = postSolution
		{32B33C9A-0081-4CA8-879F-A1F6D24D9BE9}.Debug|Any CPU.ActiveCfg = Debug|Any CPU
		{32B33C9A-0081-4CA8-879F-A1F6D24D9BE9}.Debug|Any CPU.Build.0 = Debug|Any CPU
		{32B33C9A-0081-4CA8-879F-A1F6D24D9BE9}.Release|Any CPU.ActiveCfg = Release|Any CPU
		{32B33C9A-0081-4CA8-879F-A1F6D24D9BE9}.Release|Any CPU.Build.0 = Release|Any CPU
		{2A327415-D8DE-424D-86A4-9D6A1FD618F1}.Debug|Any CPU.ActiveCfg = Debug|Any CPU
		{2A327415-D8DE-424D-86A4-9D6A1FD618F1}.Debug|Any CPU.Build.0 = Debug|Any CPU
		{2A327415-D8DE-424D-86A4-9D6A1FD618F1}.Release|Any CPU.ActiveCfg = Release|Any CPU
		{2A327415-D8DE-424D-86A4-9D6A1FD618F1}.Release|Any CPU.Build.0 = Release|Any CPU
		{E5CC0AB3-0339-476B-A31C-357229878413}.Debug|Any CPU.ActiveCfg = Debug|Any CPU
		{E5CC0AB3-0339-476B-A31C-357229878413}.Debug|Any CPU.Build.0 = Debug|Any CPU
		{E5CC0AB3-0339-476B-A31C-357229878413}.Release|Any CPU.ActiveCfg = Release|Any CPU
		{E5CC0AB3-0339-476B-A31C-357229878413}.Release|Any CPU.Build.0 = Release|Any CPU
		{F12897BB-8B62-490D-9FD3-556F06EC1822}.Debug|Any CPU.ActiveCfg = Debug|Any CPU
		{F12897BB-8B62-490D-9FD3-556F06EC1822}.Debug|Any CPU.Build.0 = Debug|Any CPU
		{F12897BB-8B62-490D-9FD3-556F06EC1822}.Release|Any CPU.ActiveCfg = Release|Any CPU
		{F12897BB-8B62-490D-9FD3-556F06EC1822}.Release|Any CPU.Build.0 = Release|Any CPU
		{E2E2667E-B1C6-475F-8124-6A9310D51F8E}.Debug|Any CPU.ActiveCfg = Debug|Any CPU
		{E2E2667E-B1C6-475F-8124-6A9310D51F8E}.Debug|Any CPU.Build.0 = Debug|Any CPU
		{E2E2667E-B1C6-475F-8124-6A9310D51F8E}.Release|Any CPU.ActiveCfg = Release|Any CPU
		{E2E2667E-B1C6-475F-8124-6A9310D51F8E}.Release|Any CPU.Build.0 = Release|Any CPU
	EndGlobalSection
	GlobalSection(SolutionProperties) = preSolution
		HideSolutionNode = FALSE
	EndGlobalSection
EndGlobal
